
Microsoft Visual Studio Solution File, Format Version 12.00
# Visual Studio Version 17
VisualStudioVersion = 17.11.35312.102
MinimumVisualStudioVersion = 10.0.40219.1
Project("{FAE04EC0-301F-11D3-BF4B-00C04F79EFBC}") = "ColorChanging", "ColorChanging\ColorChanging.csproj", "{55174D59-6E57-429B-8417-21C4F34A817B}"
EndProject
Global
	GlobalSection(SolutionConfigurationPlatforms) = preSolution
		Debug|Any CPU = Debug|Any CPU
		Release|Any CPU = Release|Any CPU
	EndGlobalSection
	GlobalSection(ProjectConfigurationPlatforms) = postSolution
		{55174D59-6E57-429B-8417-21C4F34A817B}.Debug|Any CPU.ActiveCfg = Debug|Any CPU
		{55174D59-6E57-429B-8417-21C4F34A817B}.Debug|Any CPU.Build.0 = Debug|Any CPU
		{55174D59-6E57-429B-8417-21C4F34A817B}.Release|Any CPU.ActiveCfg = Release|Any CPU
		{55174D59-6E57-429B-8417-21C4F34A817B}.Release|Any CPU.Build.0 = Release|Any CPU
	EndGlobalSection
	GlobalSection(SolutionProperties) = preSolution
		HideSolutionNode = FALSE
	EndGlobalSection
	GlobalSection(ExtensibilityGlobals) = postSolution
		SolutionGuid = {10320731-D474-4AE3-89CF-96E3DEF910FF}
	EndGlobalSection
EndGlobal
